
Microsoft Visual Studio Solution File, Format Version 12.00
# Visual Studio 2012
Project("{FAE04EC0-301F-11D3-BF4B-00C04F79EFBC}") = "TrazabilidadGanadera", "TrazabilidadGanadera\TrazabilidadGanadera.csproj", "{0D9E2192-4D06-4AD8-9FA3-63988CF1F2A8}"
EndProject
Global
	GlobalSection(SolutionConfigurationPlatforms) = preSolution
		Debug|Any CPU = Debug|Any CPU
		Release|Any CPU = Release|Any CPU
	EndGlobalSection
	GlobalSection(ProjectConfigurationPlatforms) = postSolution
		{0D9E2192-4D06-4AD8-9FA3-63988CF1F2A8}.Debug|Any CPU.ActiveCfg = Debug|Any CPU
		{0D9E2192-4D06-4AD8-9FA3-63988CF1F2A8}.Debug|Any CPU.Build.0 = Debug|Any CPU
		{0D9E2192-4D06-4AD8-9FA3-63988CF1F2A8}.Release|Any CPU.ActiveCfg = Release|Any CPU
		{0D9E2192-4D06-4AD8-9FA3-63988CF1F2A8}.Release|Any CPU.Build.0 = Release|Any CPU
	EndGlobalSection
	GlobalSection(SolutionProperties) = preSolution
		HideSolutionNode = FALSE
	EndGlobalSection
EndGlobal
